# This file is automatically @generated by Cargo.
# It is not intended for manual editing.
version = 3

[[package]]
name = "day5"
version = "0.1.0"
dependencies = [
 "lyn",
]

[[package]]
name = "lyn"
version = "0.1.0"
source = "registry+https://github.com/rust-lang/crates.io-index"
checksum = "f08d9299a146aa1eb3c5451e6d9045708f232a43fd8d4436f69cf00fcb2a019c"
